
Microsoft Visual Studio Solution File, Format Version 12.00
# Visual Studio Version 17
VisualStudioVersion = 17.5.002.0
MinimumVisualStudioVersion = 10.0.40219.1
Project("{9A19103F-16F7-4668-BE54-9A1E7A4F7556}") = "abstractAssignment", "abstractAssignment.csproj", "{E66A1145-0D89-42B9-828D-66049358C693}"
EndProject
Global
	GlobalSection(SolutionConfigurationPlatforms) = preSolution
		Debug|Any CPU = Debug|Any CPU
		Release|Any CPU = Release|Any CPU
	EndGlobalSection
	GlobalSection(ProjectConfigurationPlatforms) = postSolution
		{E66A1145-0D89-42B9-828D-66049358C693}.Debug|Any CPU.ActiveCfg = Debug|Any CPU
		{E66A1145-0D89-42B9-828D-66049358C693}.Debug|Any CPU.Build.0 = Debug|Any CPU
		{E66A1145-0D89-42B9-828D-66049358C693}.Release|Any CPU.ActiveCfg = Release|Any CPU
		{E66A1145-0D89-42B9-828D-66049358C693}.Release|Any CPU.Build.0 = Release|Any CPU
	EndGlobalSection
	GlobalSection(SolutionProperties) = preSolution
		HideSolutionNode = FALSE
	EndGlobalSection
	GlobalSection(ExtensibilityGlobals) = postSolution
		SolutionGuid = {C3B8C5F7-A6E4-4A19-98E4-A48001D073D4}
	EndGlobalSection
EndGlobal
